// !$*UTF8*$!
{
	archiveVersion = 1;
	classes = {
	};
	objectVersion = 55;
	objects = {

/* Begin PBXBuildFile section */
		4B070EBE272AD1490015FCD0 /* LogInPageViewController.swift in Sources */ = {isa = PBXBuildFile; fileRef = 4B070EBD272AD1490015FCD0 /* LogInPageViewController.swift */; };
		4B070EC2272AD2290015FCD0 /* InfoPageViewController.swift in Sources */ = {isa = PBXBuildFile; fileRef = 4B070EC1272AD2290015FCD0 /* InfoPageViewController.swift */; };
		4B3E3749273D0500009EC678 /* SafariViewController.swift in Sources */ = {isa = PBXBuildFile; fileRef = 4B3E3748273D0500009EC678 /* SafariViewController.swift */; };
		4B3E374C273D06AF009EC678 /* CoreLoacationViewController.swift in Sources */ = {isa = PBXBuildFile; fileRef = 4B3E374B273D06AF009EC678 /* CoreLoacationViewController.swift */; };
		4B538E932744EA3B00B9A71F /* UIButtonViewController.swift in Sources */ = {isa = PBXBuildFile; fileRef = 4B538E922744EA3B00B9A71F /* UIButtonViewController.swift */; };
		4B538E952744EB2100B9A71F /* customButton.swift in Sources */ = {isa = PBXBuildFile; fileRef = 4B538E942744EB2100B9A71F /* customButton.swift */; };
		4B5693BD271C31350004D524 /* UIImageViewMenuViewController.swift in Sources */ = {isa = PBXBuildFile; fileRef = 4B5693BC271C31350004D524 /* UIImageViewMenuViewController.swift */; };
		4B5693BF271C34660004D524 /* ViewImageViewController.swift in Sources */ = {isa = PBXBuildFile; fileRef = 4B5693BE271C34660004D524 /* ViewImageViewController.swift */; };
		4B5693C1271C36A30004D524 /* AlphaImageViewViewController.swift in Sources */ = {isa = PBXBuildFile; fileRef = 4B5693C0271C36A30004D524 /* AlphaImageViewViewController.swift */; };
		4B5693C3271C426C0004D524 /* AnimationImageViewViewController.swift in Sources */ = {isa = PBXBuildFile; fileRef = 4B5693C2271C426C0004D524 /* AnimationImageViewViewController.swift */; };
		4B5693C6271D44A90004D524 /* UITextFieldViewViewController.swift in Sources */ = {isa = PBXBuildFile; fileRef = 4B5693C5271D44A90004D524 /* UITextFieldViewViewController.swift */; };
		4B5693C9271D4DD30004D524 /* UITextViewViewController.swift in Sources */ = {isa = PBXBuildFile; fileRef = 4B5693C8271D4DD30004D524 /* UITextViewViewController.swift */; };
		4B5693CB271D59AF0004D524 /* UITextViewMenuViewController.swift in Sources */ = {isa = PBXBuildFile; fileRef = 4B5693CA271D59AF0004D524 /* UITextViewMenuViewController.swift */; };
		4B5693CD271D5E070004D524 /* UITextViewAutoSizeViewController.swift in Sources */ = {isa = PBXBuildFile; fileRef = 4B5693CC271D5E070004D524 /* UITextViewAutoSizeViewController.swift */; };
		4B5693D027214D5C0004D524 /* UISliderViewViewController.swift in Sources */ = {isa = PBXBuildFile; fileRef = 4B5693CF27214D5C0004D524 /* UISliderViewViewController.swift */; };
		4B5693D72722A2450004D524 /* Animals.xcassets in Resources */ = {isa = PBXBuildFile; fileRef = 4B5693D52722A2450004D524 /* Animals.xcassets */; };
		4B5693D82722A2450004D524 /* Images.xcassets in Resources */ = {isa = PBXBuildFile; fileRef = 4B5693D62722A2450004D524 /* Images.xcassets */; };
		4B5693DB2722AECF0004D524 /* InitialMenuViewController.swift in Sources */ = {isa = PBXBuildFile; fileRef = 4B5693DA2722AECF0004D524 /* InitialMenuViewController.swift */; };
		4B5693DD2722AEDD0004D524 /* DetailViewController.swift in Sources */ = {isa = PBXBuildFile; fileRef = 4B5693DC2722AEDD0004D524 /* DetailViewController.swift */; };
		4B5693DF2722AEE90004D524 /* FinViewController.swift in Sources */ = {isa = PBXBuildFile; fileRef = 4B5693DE2722AEE90004D524 /* FinViewController.swift */; };
		4B5693E1272696370004D524 /* AnimalInfo.swift in Sources */ = {isa = PBXBuildFile; fileRef = 4B5693E0272696370004D524 /* AnimalInfo.swift */; };
		4B5693E8272AC25E0004D524 /* UserInfo.swift in Sources */ = {isa = PBXBuildFile; fileRef = 4B5693E7272AC25E0004D524 /* UserInfo.swift */; };
		4B7A395C272BFC0600E1C0BE /* JsonMainViewController.swift in Sources */ = {isa = PBXBuildFile; fileRef = 4B7A395B272BFC0600E1C0BE /* JsonMainViewController.swift */; };
		4B7A395E272BFC1500E1C0BE /* JsonQuestionViewController.swift in Sources */ = {isa = PBXBuildFile; fileRef = 4B7A395D272BFC1500E1C0BE /* JsonQuestionViewController.swift */; };
		4B7A3960272BFC1F00E1C0BE /* JsonResultViewController.swift in Sources */ = {isa = PBXBuildFile; fileRef = 4B7A395F272BFC1F00E1C0BE /* JsonResultViewController.swift */; };
		4B7A3962272BFDDF00E1C0BE /* Qusetion.swift in Sources */ = {isa = PBXBuildFile; fileRef = 4B7A3961272BFDDF00E1C0BE /* Qusetion.swift */; };
		4B7A3964272BFEDF00E1C0BE /* Result.swift in Sources */ = {isa = PBXBuildFile; fileRef = 4B7A3963272BFEDF00E1C0BE /* Result.swift */; };
		4B7A3966272BFFE800E1C0BE /* DiscUserInfo.swift in Sources */ = {isa = PBXBuildFile; fileRef = 4B7A3965272BFFE800E1C0BE /* DiscUserInfo.swift */; };
		4B857B432733BFF200BCC424 /* TodosTableViewController.swift in Sources */ = {isa = PBXBuildFile; fileRef = 4B857B422733BFF200BCC424 /* TodosTableViewController.swift */; };
		4B857B472733C01400BCC424 /* TodoViewController.swift in Sources */ = {isa = PBXBuildFile; fileRef = 4B857B462733C01400BCC424 /* TodoViewController.swift */; };
		4B857B492733C23800BCC424 /* Todo.swift in Sources */ = {isa = PBXBuildFile; fileRef = 4B857B482733C23800BCC424 /* Todo.swift */; };
		4B8DAF6D273BA2330037D21B /* redViewController.swift in Sources */ = {isa = PBXBuildFile; fileRef = 4B8DAF6C273BA2330037D21B /* redViewController.swift */; };
		4B8DAF70273BA86B0037D21B /* GestureViewController.swift in Sources */ = {isa = PBXBuildFile; fileRef = 4B8DAF6F273BA86B0037D21B /* GestureViewController.swift */; };
		4BB00534271983B000FCB080 /* AppDelegate.swift in Sources */ = {isa = PBXBuildFile; fileRef = 4BB00533271983B000FCB080 /* AppDelegate.swift */; };
		4BB00536271983B000FCB080 /* SceneDelegate.swift in Sources */ = {isa = PBXBuildFile; fileRef = 4BB00535271983B000FCB080 /* SceneDelegate.swift */; };
		4BB00538271983B000FCB080 /* ViewController.swift in Sources */ = {isa = PBXBuildFile; fileRef = 4BB00537271983B000FCB080 /* ViewController.swift */; };
		4BB0053B271983B000FCB080 /* Main.storyboard in Resources */ = {isa = PBXBuildFile; fileRef = 4BB00539271983B000FCB080 /* Main.storyboard */; };
		4BB0053D271983B200FCB080 /* Assets.xcassets in Resources */ = {isa = PBXBuildFile; fileRef = 4BB0053C271983B200FCB080 /* Assets.xcassets */; };
		4BB00540271983B200FCB080 /* LaunchScreen.storyboard in Resources */ = {isa = PBXBuildFile; fileRef = 4BB0053E271983B200FCB080 /* LaunchScreen.storyboard */; };
		4BB0054B271983B200FCB080 /* exerciseIosTests.swift in Sources */ = {isa = PBXBuildFile; fileRef = 4BB0054A271983B200FCB080 /* exerciseIosTests.swift */; };
		4BB00555271983B200FCB080 /* exerciseIosUITests.swift in Sources */ = {isa = PBXBuildFile; fileRef = 4BB00554271983B200FCB080 /* exerciseIosUITests.swift */; };
		4BB00557271983B200FCB080 /* exerciseIosUITestsLaunchTests.swift in Sources */ = {isa = PBXBuildFile; fileRef = 4BB00556271983B200FCB080 /* exerciseIosUITestsLaunchTests.swift */; };
		4BB005662719883500FCB080 /* UIViewMenuViewController.swift in Sources */ = {isa = PBXBuildFile; fileRef = 4BB005652719883500FCB080 /* UIViewMenuViewController.swift */; };
		4BB005682719904700FCB080 /* CreateViewViewController.swift in Sources */ = {isa = PBXBuildFile; fileRef = 4BB005672719904700FCB080 /* CreateViewViewController.swift */; };
		4BB0056A271995A700FCB080 /* AnimationViewController.swift in Sources */ = {isa = PBXBuildFile; fileRef = 4BB00569271995A700FCB080 /* AnimationViewController.swift */; };
/* End PBXBuildFile section */

/* Begin PBXContainerItemProxy section */
		4BB00547271983B200FCB080 /* PBXContainerItemProxy */ = {
			isa = PBXContainerItemProxy;
			containerPortal = 4BB00528271983B000FCB080 /* Project object */;
			proxyType = 1;
			remoteGlobalIDString = 4BB0052F271983B000FCB080;
			remoteInfo = exerciseIos;
		};
		4BB00551271983B200FCB080 /* PBXContainerItemProxy */ = {
			isa = PBXContainerItemProxy;
			containerPortal = 4BB00528271983B000FCB080 /* Project object */;
			proxyType = 1;
			remoteGlobalIDString = 4BB0052F271983B000FCB080;
			remoteInfo = exerciseIos;
		};
/* End PBXContainerItemProxy section */

/* Begin PBXFileReference section */
		4B070EBD272AD1490015FCD0 /* LogInPageViewController.swift */ = {isa = PBXFileReference; lastKnownFileType = sourcecode.swift; path = LogInPageViewController.swift; sourceTree = "<group>"; };
		4B070EC1272AD2290015FCD0 /* InfoPageViewController.swift */ = {isa = PBXFileReference; lastKnownFileType = sourcecode.swift; path = InfoPageViewController.swift; sourceTree = "<group>"; };
		4B3E3748273D0500009EC678 /* SafariViewController.swift */ = {isa = PBXFileReference; lastKnownFileType = sourcecode.swift; path = SafariViewController.swift; sourceTree = "<group>"; };
		4B3E374B273D06AF009EC678 /* CoreLoacationViewController.swift */ = {isa = PBXFileReference; lastKnownFileType = sourcecode.swift; path = CoreLoacationViewController.swift; sourceTree = "<group>"; };
		4B538E922744EA3B00B9A71F /* UIButtonViewController.swift */ = {isa = PBXFileReference; lastKnownFileType = sourcecode.swift; path = UIButtonViewController.swift; sourceTree = "<group>"; };
		4B538E942744EB2100B9A71F /* customButton.swift */ = {isa = PBXFileReference; lastKnownFileType = sourcecode.swift; path = customButton.swift; sourceTree = "<group>"; };
		4B5693BC271C31350004D524 /* UIImageViewMenuViewController.swift */ = {isa = PBXFileReference; lastKnownFileType = sourcecode.swift; path = UIImageViewMenuViewController.swift; sourceTree = "<group>"; };
		4B5693BE271C34660004D524 /* ViewImageViewController.swift */ = {isa = PBXFileReference; lastKnownFileType = sourcecode.swift; path = ViewImageViewController.swift; sourceTree = "<group>"; };
		4B5693C0271C36A30004D524 /* AlphaImageViewViewController.swift */ = {isa = PBXFileReference; lastKnownFileType = sourcecode.swift; path = AlphaImageViewViewController.swift; sourceTree = "<group>"; };
		4B5693C2271C426C0004D524 /* AnimationImageViewViewController.swift */ = {isa = PBXFileReference; lastKnownFileType = sourcecode.swift; path = AnimationImageViewViewController.swift; sourceTree = "<group>"; };
		4B5693C5271D44A90004D524 /* UITextFieldViewViewController.swift */ = {isa = PBXFileReference; lastKnownFileType = sourcecode.swift; path = UITextFieldViewViewController.swift; sourceTree = "<group>"; };
		4B5693C8271D4DD30004D524 /* UITextViewViewController.swift */ = {isa = PBXFileReference; lastKnownFileType = sourcecode.swift; path = UITextViewViewController.swift; sourceTree = "<group>"; };
		4B5693CA271D59AF0004D524 /* UITextViewMenuViewController.swift */ = {isa = PBXFileReference; lastKnownFileType = sourcecode.swift; path = UITextViewMenuViewController.swift; sourceTree = "<group>"; };
		4B5693CC271D5E070004D524 /* UITextViewAutoSizeViewController.swift */ = {isa = PBXFileReference; lastKnownFileType = sourcecode.swift; path = UITextViewAutoSizeViewController.swift; sourceTree = "<group>"; };
		4B5693CF27214D5C0004D524 /* UISliderViewViewController.swift */ = {isa = PBXFileReference; lastKnownFileType = sourcecode.swift; path = UISliderViewViewController.swift; sourceTree = "<group>"; };
		4B5693D52722A2450004D524 /* Animals.xcassets */ = {isa = PBXFileReference; lastKnownFileType = folder.assetcatalog; path = Animals.xcassets; sourceTree = "<group>"; };
		4B5693D62722A2450004D524 /* Images.xcassets */ = {isa = PBXFileReference; lastKnownFileType = folder.assetcatalog; path = Images.xcassets; sourceTree = "<group>"; };
		4B5693DA2722AECF0004D524 /* InitialMenuViewController.swift */ = {isa = PBXFileReference; lastKnownFileType = sourcecode.swift; path = InitialMenuViewController.swift; sourceTree = "<group>"; };
		4B5693DC2722AEDD0004D524 /* DetailViewController.swift */ = {isa = PBXFileReference; lastKnownFileType = sourcecode.swift; path = DetailViewController.swift; sourceTree = "<group>"; };
		4B5693DE2722AEE90004D524 /* FinViewController.swift */ = {isa = PBXFileReference; lastKnownFileType = sourcecode.swift; path = FinViewController.swift; sourceTree = "<group>"; };
		4B5693E0272696370004D524 /* AnimalInfo.swift */ = {isa = PBXFileReference; lastKnownFileType = sourcecode.swift; path = AnimalInfo.swift; sourceTree = "<group>"; };
		4B5693E7272AC25E0004D524 /* UserInfo.swift */ = {isa = PBXFileReference; lastKnownFileType = sourcecode.swift; path = UserInfo.swift; sourceTree = "<group>"; };
		4B7A395B272BFC0600E1C0BE /* JsonMainViewController.swift */ = {isa = PBXFileReference; lastKnownFileType = sourcecode.swift; path = JsonMainViewController.swift; sourceTree = "<group>"; };
		4B7A395D272BFC1500E1C0BE /* JsonQuestionViewController.swift */ = {isa = PBXFileReference; lastKnownFileType = sourcecode.swift; path = JsonQuestionViewController.swift; sourceTree = "<group>"; };
		4B7A395F272BFC1F00E1C0BE /* JsonResultViewController.swift */ = {isa = PBXFileReference; lastKnownFileType = sourcecode.swift; path = JsonResultViewController.swift; sourceTree = "<group>"; };
		4B7A3961272BFDDF00E1C0BE /* Qusetion.swift */ = {isa = PBXFileReference; lastKnownFileType = sourcecode.swift; path = Qusetion.swift; sourceTree = "<group>"; };
		4B7A3963272BFEDF00E1C0BE /* Result.swift */ = {isa = PBXFileReference; lastKnownFileType = sourcecode.swift; path = Result.swift; sourceTree = "<group>"; };
		4B7A3965272BFFE800E1C0BE /* DiscUserInfo.swift */ = {isa = PBXFileReference; lastKnownFileType = sourcecode.swift; path = DiscUserInfo.swift; sourceTree = "<group>"; };
		4B857B422733BFF200BCC424 /* TodosTableViewController.swift */ = {isa = PBXFileReference; lastKnownFileType = sourcecode.swift; path = TodosTableViewController.swift; sourceTree = "<group>"; };
		4B857B462733C01400BCC424 /* TodoViewController.swift */ = {isa = PBXFileReference; lastKnownFileType = sourcecode.swift; path = TodoViewController.swift; sourceTree = "<group>"; };
		4B857B482733C23800BCC424 /* Todo.swift */ = {isa = PBXFileReference; lastKnownFileType = sourcecode.swift; path = Todo.swift; sourceTree = "<group>"; };
		4B8DAF6C273BA2330037D21B /* redViewController.swift */ = {isa = PBXFileReference; lastKnownFileType = sourcecode.swift; path = redViewController.swift; sourceTree = "<group>"; };
		4B8DAF6F273BA86B0037D21B /* GestureViewController.swift */ = {isa = PBXFileReference; lastKnownFileType = sourcecode.swift; path = GestureViewController.swift; sourceTree = "<group>"; };
		4BB00530271983B000FCB080 /* exerciseIos.app */ = {isa = PBXFileReference; explicitFileType = wrapper.application; includeInIndex = 0; path = exerciseIos.app; sourceTree = BUILT_PRODUCTS_DIR; };
		4BB00533271983B000FCB080 /* AppDelegate.swift */ = {isa = PBXFileReference; lastKnownFileType = sourcecode.swift; path = AppDelegate.swift; sourceTree = "<group>"; };
		4BB00535271983B000FCB080 /* SceneDelegate.swift */ = {isa = PBXFileReference; lastKnownFileType = sourcecode.swift; path = SceneDelegate.swift; sourceTree = "<group>"; };
		4BB00537271983B000FCB080 /* ViewController.swift */ = {isa = PBXFileReference; lastKnownFileType = sourcecode.swift; path = ViewController.swift; sourceTree = "<group>"; };
		4BB0053A271983B000FCB080 /* Base */ = {isa = PBXFileReference; lastKnownFileType = file.storyboard; name = Base; path = Base.lproj/Main.storyboard; sourceTree = "<group>"; };
		4BB0053C271983B200FCB080 /* Assets.xcassets */ = {isa = PBXFileReference; lastKnownFileType = folder.assetcatalog; path = Assets.xcassets; sourceTree = "<group>"; };
		4BB0053F271983B200FCB080 /* Base */ = {isa = PBXFileReference; lastKnownFileType = file.storyboard; name = Base; path = Base.lproj/LaunchScreen.storyboard; sourceTree = "<group>"; };
		4BB00541271983B200FCB080 /* Info.plist */ = {isa = PBXFileReference; lastKnownFileType = text.plist.xml; path = Info.plist; sourceTree = "<group>"; };
		4BB00546271983B200FCB080 /* exerciseIosTests.xctest */ = {isa = PBXFileReference; explicitFileType = wrapper.cfbundle; includeInIndex = 0; path = exerciseIosTests.xctest; sourceTree = BUILT_PRODUCTS_DIR; };
		4BB0054A271983B200FCB080 /* exerciseIosTests.swift */ = {isa = PBXFileReference; lastKnownFileType = sourcecode.swift; path = exerciseIosTests.swift; sourceTree = "<group>"; };
		4BB00550271983B200FCB080 /* exerciseIosUITests.xctest */ = {isa = PBXFileReference; explicitFileType = wrapper.cfbundle; includeInIndex = 0; path = exerciseIosUITests.xctest; sourceTree = BUILT_PRODUCTS_DIR; };
		4BB00554271983B200FCB080 /* exerciseIosUITests.swift */ = {isa = PBXFileReference; lastKnownFileType = sourcecode.swift; path = exerciseIosUITests.swift; sourceTree = "<group>"; };
		4BB00556271983B200FCB080 /* exerciseIosUITestsLaunchTests.swift */ = {isa = PBXFileReference; lastKnownFileType = sourcecode.swift; path = exerciseIosUITestsLaunchTests.swift; sourceTree = "<group>"; };
		4BB005652719883500FCB080 /* UIViewMenuViewController.swift */ = {isa = PBXFileReference; lastKnownFileType = sourcecode.swift; path = UIViewMenuViewController.swift; sourceTree = "<group>"; };
		4BB005672719904700FCB080 /* CreateViewViewController.swift */ = {isa = PBXFileReference; lastKnownFileType = sourcecode.swift; path = CreateViewViewController.swift; sourceTree = "<group>"; };
		4BB00569271995A700FCB080 /* AnimationViewController.swift */ = {isa = PBXFileReference; lastKnownFileType = sourcecode.swift; path = AnimationViewController.swift; sourceTree = "<group>"; };
/* End PBXFileReference section */

/* Begin PBXFrameworksBuildPhase section */
		4BB0052D271983B000FCB080 /* Frameworks */ = {
			isa = PBXFrameworksBuildPhase;
			buildActionMask = 2147483647;
			files = (
			);
			runOnlyForDeploymentPostprocessing = 0;
		};
		4BB00543271983B200FCB080 /* Frameworks */ = {
			isa = PBXFrameworksBuildPhase;
			buildActionMask = 2147483647;
			files = (
			);
			runOnlyForDeploymentPostprocessing = 0;
		};
		4BB0054D271983B200FCB080 /* Frameworks */ = {
			isa = PBXFrameworksBuildPhase;
			buildActionMask = 2147483647;
			files = (
			);
			runOnlyForDeploymentPostprocessing = 0;
		};
/* End PBXFrameworksBuildPhase section */

/* Begin PBXGroup section */
		4B3E3747273D0348009EC678 /* SafariViewController */ = {
			isa = PBXGroup;
			children = (
				4B3E3748273D0500009EC678 /* SafariViewController.swift */,
			);
			path = SafariViewController;
			sourceTree = "<group>";
		};
		4B3E374A273D067C009EC678 /* Current Location */ = {
			isa = PBXGroup;
			children = (
				4B3E374B273D06AF009EC678 /* CoreLoacationViewController.swift */,
			);
			path = "Current Location";
			sourceTree = "<group>";
		};
		4B538E912744EA1D00B9A71F /* UIButton */ = {
			isa = PBXGroup;
			children = (
				4B538E922744EA3B00B9A71F /* UIButtonViewController.swift */,
				4B538E942744EB2100B9A71F /* customButton.swift */,
			);
			path = UIButton;
			sourceTree = "<group>";
		};
		4B5693BB271C30D50004D524 /* UIImageView */ = {
			isa = PBXGroup;
			children = (
				4B5693BC271C31350004D524 /* UIImageViewMenuViewController.swift */,
				4B5693BE271C34660004D524 /* ViewImageViewController.swift */,
				4B5693C0271C36A30004D524 /* AlphaImageViewViewController.swift */,
				4B5693C2271C426C0004D524 /* AnimationImageViewViewController.swift */,
			);
			path = UIImageView;
			sourceTree = "<group>";
		};
		4B5693C4271D448F0004D524 /* UITextField */ = {
			isa = PBXGroup;
			children = (
				4B5693C5271D44A90004D524 /* UITextFieldViewViewController.swift */,
			);
			path = UITextField;
			sourceTree = "<group>";
		};
		4B5693C7271D4DC00004D524 /* UITextView */ = {
			isa = PBXGroup;
			children = (
				4B5693C8271D4DD30004D524 /* UITextViewViewController.swift */,
				4B5693CA271D59AF0004D524 /* UITextViewMenuViewController.swift */,
				4B5693CC271D5E070004D524 /* UITextViewAutoSizeViewController.swift */,
			);
			path = UITextView;
			sourceTree = "<group>";
		};
		4B5693CE27214D470004D524 /* UISlider */ = {
			isa = PBXGroup;
			children = (
				4B5693CF27214D5C0004D524 /* UISliderViewViewController.swift */,
			);
			path = UISlider;
			sourceTree = "<group>";
		};
		4B5693D92722AE9C0004D524 /* UINavigationController */ = {
			isa = PBXGroup;
			children = (
				4B5693DA2722AECF0004D524 /* InitialMenuViewController.swift */,
				4B5693DC2722AEDD0004D524 /* DetailViewController.swift */,
				4B5693DE2722AEE90004D524 /* FinViewController.swift */,
				4B5693E0272696370004D524 /* AnimalInfo.swift */,
			);
			path = UINavigationController;
			sourceTree = "<group>";
		};
		4B5693E2272AB8740004D524 /* UIAlertController */ = {
			isa = PBXGroup;
			children = (
				4B5693E7272AC25E0004D524 /* UserInfo.swift */,
				4B070EBD272AD1490015FCD0 /* LogInPageViewController.swift */,
				4B070EC1272AD2290015FCD0 /* InfoPageViewController.swift */,
			);
			path = UIAlertController;
			sourceTree = "<group>";
		};
		4B7A395A272BF80B00E1C0BE /* JSONDecoder */ = {
			isa = PBXGroup;
			children = (
				4B7A395B272BFC0600E1C0BE /* JsonMainViewController.swift */,
				4B7A395D272BFC1500E1C0BE /* JsonQuestionViewController.swift */,
				4B7A395F272BFC1F00E1C0BE /* JsonResultViewController.swift */,
				4B7A3967272C040B00E1C0BE /* Model */,
			);
			path = JSONDecoder;
			sourceTree = "<group>";
		};
		4B7A3967272C040B00E1C0BE /* Model */ = {
			isa = PBXGroup;
			children = (
				4B7A3961272BFDDF00E1C0BE /* Qusetion.swift */,
				4B7A3963272BFEDF00E1C0BE /* Result.swift */,
				4B7A3965272BFFE800E1C0BE /* DiscUserInfo.swift */,
			);
			path = Model;
			sourceTree = "<group>";
		};
		4B857B412733BFD300BCC424 /* TableView */ = {
			isa = PBXGroup;
			children = (
				4B857B422733BFF200BCC424 /* TodosTableViewController.swift */,
				4B857B462733C01400BCC424 /* TodoViewController.swift */,
				4B857B482733C23800BCC424 /* Todo.swift */,
			);
			path = TableView;
			sourceTree = "<group>";
		};
		4B8DAF6B273BA2140037D21B /* TabBarController */ = {
			isa = PBXGroup;
			children = (
				4B8DAF6C273BA2330037D21B /* redViewController.swift */,
			);
			path = TabBarController;
			sourceTree = "<group>";
		};
		4B8DAF6E273BA8590037D21B /* Gesture */ = {
			isa = PBXGroup;
			children = (
				4B8DAF6F273BA86B0037D21B /* GestureViewController.swift */,
			);
			path = Gesture;
			sourceTree = "<group>";
		};
		4BB00527271983B000FCB080 = {
			isa = PBXGroup;
			children = (
				4BB00532271983B000FCB080 /* exerciseIos */,
				4BB00549271983B200FCB080 /* exerciseIosTests */,
				4BB00553271983B200FCB080 /* exerciseIosUITests */,
				4BB00531271983B000FCB080 /* Products */,
			);
			sourceTree = "<group>";
		};
		4BB00531271983B000FCB080 /* Products */ = {
			isa = PBXGroup;
			children = (
				4BB00530271983B000FCB080 /* exerciseIos.app */,
				4BB00546271983B200FCB080 /* exerciseIosTests.xctest */,
				4BB00550271983B200FCB080 /* exerciseIosUITests.xctest */,
			);
			name = Products;
			sourceTree = "<group>";
		};
		4BB00532271983B000FCB080 /* exerciseIos */ = {
			isa = PBXGroup;
			children = (
				4BB005632719875D00FCB080 /* ViewList */,
				4BB00533271983B000FCB080 /* AppDelegate.swift */,
				4BB00535271983B000FCB080 /* SceneDelegate.swift */,
				4BB00537271983B000FCB080 /* ViewController.swift */,
				4BB00539271983B000FCB080 /* Main.storyboard */,
				4BB0053C271983B200FCB080 /* Assets.xcassets */,
				4B5693D52722A2450004D524 /* Animals.xcassets */,
				4B5693D62722A2450004D524 /* Images.xcassets */,
				4BB0053E271983B200FCB080 /* LaunchScreen.storyboard */,
				4BB00541271983B200FCB080 /* Info.plist */,
			);
			path = exerciseIos;
			sourceTree = "<group>";
		};
		4BB00549271983B200FCB080 /* exerciseIosTests */ = {
			isa = PBXGroup;
			children = (
				4BB0054A271983B200FCB080 /* exerciseIosTests.swift */,
			);
			path = exerciseIosTests;
			sourceTree = "<group>";
		};
		4BB00553271983B200FCB080 /* exerciseIosUITests */ = {
			isa = PBXGroup;
			children = (
				4BB00554271983B200FCB080 /* exerciseIosUITests.swift */,
				4BB00556271983B200FCB080 /* exerciseIosUITestsLaunchTests.swift */,
			);
			path = exerciseIosUITests;
			sourceTree = "<group>";
		};
		4BB005632719875D00FCB080 /* ViewList */ = {
			isa = PBXGroup;
			children = (
				4B538E912744EA1D00B9A71F /* UIButton */,
				4B3E374A273D067C009EC678 /* Current Location */,
				4B3E3747273D0348009EC678 /* SafariViewController */,
				4B8DAF6E273BA8590037D21B /* Gesture */,
				4B8DAF6B273BA2140037D21B /* TabBarController */,
				4B857B412733BFD300BCC424 /* TableView */,
				4B7A395A272BF80B00E1C0BE /* JSONDecoder */,
				4B5693E2272AB8740004D524 /* UIAlertController */,
				4B5693D92722AE9C0004D524 /* UINavigationController */,
				4B5693CE27214D470004D524 /* UISlider */,
				4B5693C7271D4DC00004D524 /* UITextView */,
				4B5693C4271D448F0004D524 /* UITextField */,
				4B5693BB271C30D50004D524 /* UIImageView */,
				4BB00564271987D400FCB080 /* UIView */,
			);
			path = ViewList;
			sourceTree = "<group>";
		};
		4BB00564271987D400FCB080 /* UIView */ = {
			isa = PBXGroup;
			children = (
				4BB005652719883500FCB080 /* UIViewMenuViewController.swift */,
				4BB005672719904700FCB080 /* CreateViewViewController.swift */,
				4BB00569271995A700FCB080 /* AnimationViewController.swift */,
			);
			path = UIView;
			sourceTree = "<group>";
		};
/* End PBXGroup section */

/* Begin PBXNativeTarget section */
		4BB0052F271983B000FCB080 /* exerciseIos */ = {
			isa = PBXNativeTarget;
			buildConfigurationList = 4BB0055A271983B200FCB080 /* Build configuration list for PBXNativeTarget "exerciseIos" */;
			buildPhases = (
				4BB0052C271983B000FCB080 /* Sources */,
				4BB0052D271983B000FCB080 /* Frameworks */,
				4BB0052E271983B000FCB080 /* Resources */,
			);
			buildRules = (
			);
			dependencies = (
			);
			name = exerciseIos;
			productName = exerciseIos;
			productReference = 4BB00530271983B000FCB080 /* exerciseIos.app */;
			productType = "com.apple.product-type.application";
		};
		4BB00545271983B200FCB080 /* exerciseIosTests */ = {
			isa = PBXNativeTarget;
			buildConfigurationList = 4BB0055D271983B200FCB080 /* Build configuration list for PBXNativeTarget "exerciseIosTests" */;
			buildPhases = (
				4BB00542271983B200FCB080 /* Sources */,
				4BB00543271983B200FCB080 /* Frameworks */,
				4BB00544271983B200FCB080 /* Resources */,
			);
			buildRules = (
			);
			dependencies = (
				4BB00548271983B200FCB080 /* PBXTargetDependency */,
			);
			name = exerciseIosTests;
			productName = exerciseIosTests;
			productReference = 4BB00546271983B200FCB080 /* exerciseIosTests.xctest */;
			productType = "com.apple.product-type.bundle.unit-test";
		};
		4BB0054F271983B200FCB080 /* exerciseIosUITests */ = {
			isa = PBXNativeTarget;
			buildConfigurationList = 4BB00560271983B200FCB080 /* Build configuration list for PBXNativeTarget "exerciseIosUITests" */;
			buildPhases = (
				4BB0054C271983B200FCB080 /* Sources */,
				4BB0054D271983B200FCB080 /* Frameworks */,
				4BB0054E271983B200FCB080 /* Resources */,
			);
			buildRules = (
			);
			dependencies = (
				4BB00552271983B200FCB080 /* PBXTargetDependency */,
			);
			name = exerciseIosUITests;
			productName = exerciseIosUITests;
			productReference = 4BB00550271983B200FCB080 /* exerciseIosUITests.xctest */;
			productType = "com.apple.product-type.bundle.ui-testing";
		};
/* End PBXNativeTarget section */

/* Begin PBXProject section */
		4BB00528271983B000FCB080 /* Project object */ = {
			isa = PBXProject;
			attributes = {
				BuildIndependentTargetsInParallel = 1;
				LastSwiftUpdateCheck = 1300;
				LastUpgradeCheck = 1300;
				TargetAttributes = {
					4BB0052F271983B000FCB080 = {
						CreatedOnToolsVersion = 13.0;
					};
					4BB00545271983B200FCB080 = {
						CreatedOnToolsVersion = 13.0;
						TestTargetID = 4BB0052F271983B000FCB080;
					};
					4BB0054F271983B200FCB080 = {
						CreatedOnToolsVersion = 13.0;
						TestTargetID = 4BB0052F271983B000FCB080;
					};
				};
			};
			buildConfigurationList = 4BB0052B271983B000FCB080 /* Build configuration list for PBXProject "exerciseIos" */;
			compatibilityVersion = "Xcode 13.0";
			developmentRegion = en;
			hasScannedForEncodings = 0;
			knownRegions = (
				en,
				Base,
			);
			mainGroup = 4BB00527271983B000FCB080;
			productRefGroup = 4BB00531271983B000FCB080 /* Products */;
			projectDirPath = "";
			projectRoot = "";
			targets = (
				4BB0052F271983B000FCB080 /* exerciseIos */,
				4BB00545271983B200FCB080 /* exerciseIosTests */,
				4BB0054F271983B200FCB080 /* exerciseIosUITests */,
			);
		};
/* End PBXProject section */

/* Begin PBXResourcesBuildPhase section */
		4BB0052E271983B000FCB080 /* Resources */ = {
			isa = PBXResourcesBuildPhase;
			buildActionMask = 2147483647;
			files = (
				4BB00540271983B200FCB080 /* LaunchScreen.storyboard in Resources */,
				4B5693D82722A2450004D524 /* Images.xcassets in Resources */,
				4B5693D72722A2450004D524 /* Animals.xcassets in Resources */,
				4BB0053D271983B200FCB080 /* Assets.xcassets in Resources */,
				4BB0053B271983B000FCB080 /* Main.storyboard in Resources */,
			);
			runOnlyForDeploymentPostprocessing = 0;
		};
		4BB00544271983B200FCB080 /* Resources */ = {
			isa = PBXResourcesBuildPhase;
			buildActionMask = 2147483647;
			files = (
			);
			runOnlyForDeploymentPostprocessing = 0;
		};
		4BB0054E271983B200FCB080 /* Resources */ = {
			isa = PBXResourcesBuildPhase;
			buildActionMask = 2147483647;
			files = (
			);
			runOnlyForDeploymentPostprocessing = 0;
		};
/* End PBXResourcesBuildPhase section */

/* Begin PBXSourcesBuildPhase section */
		4BB0052C271983B000FCB080 /* Sources */ = {
			isa = PBXSourcesBuildPhase;
			buildActionMask = 2147483647;
			files = (
				4B7A3964272BFEDF00E1C0BE /* Result.swift in Sources */,
				4B5693CD271D5E070004D524 /* UITextViewAutoSizeViewController.swift in Sources */,
				4B5693DD2722AEDD0004D524 /* DetailViewController.swift in Sources */,
				4B5693BD271C31350004D524 /* UIImageViewMenuViewController.swift in Sources */,
				4B538E932744EA3B00B9A71F /* UIButtonViewController.swift in Sources */,
				4BB00538271983B000FCB080 /* ViewController.swift in Sources */,
				4B5693C9271D4DD30004D524 /* UITextViewViewController.swift in Sources */,
				4B7A3962272BFDDF00E1C0BE /* Qusetion.swift in Sources */,
				4B857B432733BFF200BCC424 /* TodosTableViewController.swift in Sources */,
				4B070EBE272AD1490015FCD0 /* LogInPageViewController.swift in Sources */,
				4BB00534271983B000FCB080 /* AppDelegate.swift in Sources */,
				4B857B472733C01400BCC424 /* TodoViewController.swift in Sources */,
				4BB005662719883500FCB080 /* UIViewMenuViewController.swift in Sources */,
				4B8DAF70273BA86B0037D21B /* GestureViewController.swift in Sources */,
				4B3E374C273D06AF009EC678 /* CoreLoacationViewController.swift in Sources */,
				4B8DAF6D273BA2330037D21B /* redViewController.swift in Sources */,
				4B5693C6271D44A90004D524 /* UITextFieldViewViewController.swift in Sources */,
				4B5693E1272696370004D524 /* AnimalInfo.swift in Sources */,
				4B7A3966272BFFE800E1C0BE /* DiscUserInfo.swift in Sources */,
				4B538E952744EB2100B9A71F /* customButton.swift in Sources */,
				4B5693C1271C36A30004D524 /* AlphaImageViewViewController.swift in Sources */,
				4B5693DB2722AECF0004D524 /* InitialMenuViewController.swift in Sources */,
				4BB0056A271995A700FCB080 /* AnimationViewController.swift in Sources */,
				4B5693C3271C426C0004D524 /* AnimationImageViewViewController.swift in Sources */,
				4B5693BF271C34660004D524 /* ViewImageViewController.swift in Sources */,
				4BB005682719904700FCB080 /* CreateViewViewController.swift in Sources */,
				4B7A395E272BFC1500E1C0BE /* JsonQuestionViewController.swift in Sources */,
				4B7A3960272BFC1F00E1C0BE /* JsonResultViewController.swift in Sources */,
				4B7A395C272BFC0600E1C0BE /* JsonMainViewController.swift in Sources */,
				4B857B492733C23800BCC424 /* Todo.swift in Sources */,
				4BB00536271983B000FCB080 /* SceneDelegate.swift in Sources */,
				4B5693D027214D5C0004D524 /* UISliderViewViewController.swift in Sources */,
				4B5693DF2722AEE90004D524 /* FinViewController.swift in Sources */,
				4B5693CB271D59AF0004D524 /* UITextViewMenuViewController.swift in Sources */,
				4B5693E8272AC25E0004D524 /* UserInfo.swift in Sources */,
				4B3E3749273D0500009EC678 /* SafariViewController.swift in Sources */,
				4B070EC2272AD2290015FCD0 /* InfoPageViewController.swift in Sources */,
			);
			runOnlyForDeploymentPostprocessing = 0;
		};
		4BB00542271983B200FCB080 /* Sources */ = {
			isa = PBXSourcesBuildPhase;
			buildActionMask = 2147483647;
			files = (
				4BB0054B271983B200FCB080 /* exerciseIosTests.swift in Sources */,
			);
			runOnlyForDeploymentPostprocessing = 0;
		};
		4BB0054C271983B200FCB080 /* Sources */ = {
			isa = PBXSourcesBuildPhase;
			buildActionMask = 2147483647;
			files = (
				4BB00557271983B200FCB080 /* exerciseIosUITestsLaunchTests.swift in Sources */,
				4BB00555271983B200FCB080 /* exerciseIosUITests.swift in Sources */,
			);
			runOnlyForDeploymentPostprocessing = 0;
		};
/* End PBXSourcesBuildPhase section */

/* Begin PBXTargetDependency section */
		4BB00548271983B200FCB080 /* PBXTargetDependency */ = {
			isa = PBXTargetDependency;
			target = 4BB0052F271983B000FCB080 /* exerciseIos */;
			targetProxy = 4BB00547271983B200FCB080 /* PBXContainerItemProxy */;
		};
		4BB00552271983B200FCB080 /* PBXTargetDependency */ = {
			isa = PBXTargetDependency;
			target = 4BB0052F271983B000FCB080 /* exerciseIos */;
			targetProxy = 4BB00551271983B200FCB080 /* PBXContainerItemProxy */;
		};
/* End PBXTargetDependency section */

/* Begin PBXVariantGroup section */
		4BB00539271983B000FCB080 /* Main.storyboard */ = {
			isa = PBXVariantGroup;
			children = (
				4BB0053A271983B000FCB080 /* Base */,
			);
			name = Main.storyboard;
			sourceTree = "<group>";
		};
		4BB0053E271983B200FCB080 /* LaunchScreen.storyboard */ = {
			isa = PBXVariantGroup;
			children = (
				4BB0053F271983B200FCB080 /* Base */,
			);
			name = LaunchScreen.storyboard;
			sourceTree = "<group>";
		};
/* End PBXVariantGroup section */

/* Begin XCBuildConfiguration section */
		4BB00558271983B200FCB080 /* Debug */ = {
			isa = XCBuildConfiguration;
			buildSettings = {
				ALWAYS_SEARCH_USER_PATHS = NO;
				CLANG_ANALYZER_NONNULL = YES;
				CLANG_ANALYZER_NUMBER_OBJECT_CONVERSION = YES_AGGRESSIVE;
				CLANG_CXX_LANGUAGE_STANDARD = "gnu++17";
				CLANG_CXX_LIBRARY = "libc++";
				CLANG_ENABLE_MODULES = YES;
				CLANG_ENABLE_OBJC_ARC = YES;
				CLANG_ENABLE_OBJC_WEAK = YES;
				CLANG_WARN_BLOCK_CAPTURE_AUTORELEASING = YES;
				CLANG_WARN_BOOL_CONVERSION = YES;
				CLANG_WARN_COMMA = YES;
				CLANG_WARN_CONSTANT_CONVERSION = YES;
				CLANG_WARN_DEPRECATED_OBJC_IMPLEMENTATIONS = YES;
				CLANG_WARN_DIRECT_OBJC_ISA_USAGE = YES_ERROR;
				CLANG_WARN_DOCUMENTATION_COMMENTS = YES;
				CLANG_WARN_EMPTY_BODY = YES;
				CLANG_WARN_ENUM_CONVERSION = YES;
				CLANG_WARN_INFINITE_RECURSION = YES;
				CLANG_WARN_INT_CONVERSION = YES;
				CLANG_WARN_NON_LITERAL_NULL_CONVERSION = YES;
				CLANG_WARN_OBJC_IMPLICIT_RETAIN_SELF = YES;
				CLANG_WARN_OBJC_LITERAL_CONVERSION = YES;
				CLANG_WARN_OBJC_ROOT_CLASS = YES_ERROR;
				CLANG_WARN_QUOTED_INCLUDE_IN_FRAMEWORK_HEADER = YES;
				CLANG_WARN_RANGE_LOOP_ANALYSIS = YES;
				CLANG_WARN_STRICT_PROTOTYPES = YES;
				CLANG_WARN_SUSPICIOUS_MOVE = YES;
				CLANG_WARN_UNGUARDED_AVAILABILITY = YES_AGGRESSIVE;
				CLANG_WARN_UNREACHABLE_CODE = YES;
				CLANG_WARN__DUPLICATE_METHOD_MATCH = YES;
				COPY_PHASE_STRIP = NO;
				DEBUG_INFORMATION_FORMAT = dwarf;
				ENABLE_STRICT_OBJC_MSGSEND = YES;
				ENABLE_TESTABILITY = YES;
				GCC_C_LANGUAGE_STANDARD = gnu11;
				GCC_DYNAMIC_NO_PIC = NO;
				GCC_NO_COMMON_BLOCKS = YES;
				GCC_OPTIMIZATION_LEVEL = 0;
				GCC_PREPROCESSOR_DEFINITIONS = (
					"DEBUG=1",
					"$(inherited)",
				);
				GCC_WARN_64_TO_32_BIT_CONVERSION = YES;
				GCC_WARN_ABOUT_RETURN_TYPE = YES_ERROR;
				GCC_WARN_UNDECLARED_SELECTOR = YES;
				GCC_WARN_UNINITIALIZED_AUTOS = YES_AGGRESSIVE;
				GCC_WARN_UNUSED_FUNCTION = YES;
				GCC_WARN_UNUSED_VARIABLE = YES;
				IPHONEOS_DEPLOYMENT_TARGET = 15.0;
				MTL_ENABLE_DEBUG_INFO = INCLUDE_SOURCE;
				MTL_FAST_MATH = YES;
				ONLY_ACTIVE_ARCH = YES;
				SDKROOT = iphoneos;
				SWIFT_ACTIVE_COMPILATION_CONDITIONS = DEBUG;
				SWIFT_OPTIMIZATION_LEVEL = "-Onone";
			};
			name = Debug;
		};
		4BB00559271983B200FCB080 /* Release */ = {
			isa = XCBuildConfiguration;
			buildSettings = {
				ALWAYS_SEARCH_USER_PATHS = NO;
				CLANG_ANALYZER_NONNULL = YES;
				CLANG_ANALYZER_NUMBER_OBJECT_CONVERSION = YES_AGGRESSIVE;
				CLANG_CXX_LANGUAGE_STANDARD = "gnu++17";
				CLANG_CXX_LIBRARY = "libc++";
				CLANG_ENABLE_MODULES = YES;
				CLANG_ENABLE_OBJC_ARC = YES;
				CLANG_ENABLE_OBJC_WEAK = YES;
				CLANG_WARN_BLOCK_CAPTURE_AUTORELEASING = YES;
				CLANG_WARN_BOOL_CONVERSION = YES;
				CLANG_WARN_COMMA = YES;
				CLANG_WARN_CONSTANT_CONVERSION = YES;
				CLANG_WARN_DEPRECATED_OBJC_IMPLEMENTATIONS = YES;
				CLANG_WARN_DIRECT_OBJC_ISA_USAGE = YES_ERROR;
				CLANG_WARN_DOCUMENTATION_COMMENTS = YES;
				CLANG_WARN_EMPTY_BODY = YES;
				CLANG_WARN_ENUM_CONVERSION = YES;
				CLANG_WARN_INFINITE_RECURSION = YES;
				CLANG_WARN_INT_CONVERSION = YES;
				CLANG_WARN_NON_LITERAL_NULL_CONVERSION = YES;
				CLANG_WARN_OBJC_IMPLICIT_RETAIN_SELF = YES;
				CLANG_WARN_OBJC_LITERAL_CONVERSION = YES;
				CLANG_WARN_OBJC_ROOT_CLASS = YES_ERROR;
				CLANG_WARN_QUOTED_INCLUDE_IN_FRAMEWORK_HEADER = YES;
				CLANG_WARN_RANGE_LOOP_ANALYSIS = YES;
				CLANG_WARN_STRICT_PROTOTYPES = YES;
				CLANG_WARN_SUSPICIOUS_MOVE = YES;
				CLANG_WARN_UNGUARDED_AVAILABILITY = YES_AGGRESSIVE;
				CLANG_WARN_UNREACHABLE_CODE = YES;
				CLANG_WARN__DUPLICATE_METHOD_MATCH = YES;
				COPY_PHASE_STRIP = NO;
				DEBUG_INFORMATION_FORMAT = "dwarf-with-dsym";
				ENABLE_NS_ASSERTIONS = NO;
				ENABLE_STRICT_OBJC_MSGSEND = YES;
				GCC_C_LANGUAGE_STANDARD = gnu11;
				GCC_NO_COMMON_BLOCKS = YES;
				GCC_WARN_64_TO_32_BIT_CONVERSION = YES;
				GCC_WARN_ABOUT_RETURN_TYPE = YES_ERROR;
				GCC_WARN_UNDECLARED_SELECTOR = YES;
				GCC_WARN_UNINITIALIZED_AUTOS = YES_AGGRESSIVE;
				GCC_WARN_UNUSED_FUNCTION = YES;
				GCC_WARN_UNUSED_VARIABLE = YES;
				IPHONEOS_DEPLOYMENT_TARGET = 15.0;
				MTL_ENABLE_DEBUG_INFO = NO;
				MTL_FAST_MATH = YES;
				SDKROOT = iphoneos;
				SWIFT_COMPILATION_MODE = wholemodule;
				SWIFT_OPTIMIZATION_LEVEL = "-O";
				VALIDATE_PRODUCT = YES;
			};
			name = Release;
		};
		4BB0055B271983B200FCB080 /* Debug */ = {
			isa = XCBuildConfiguration;
			buildSettings = {
				ASSETCATALOG_COMPILER_APPICON_NAME = AppIcon;
				ASSETCATALOG_COMPILER_GLOBAL_ACCENT_COLOR_NAME = AccentColor;
				CODE_SIGN_STYLE = Automatic;
				CURRENT_PROJECT_VERSION = 1;
				GENERATE_INFOPLIST_FILE = YES;
				INFOPLIST_FILE = exerciseIos/Info.plist;
				INFOPLIST_KEY_UIApplicationSupportsIndirectInputEvents = YES;
				INFOPLIST_KEY_UILaunchStoryboardName = LaunchScreen;
				INFOPLIST_KEY_UIMainStoryboardFile = Main;
				INFOPLIST_KEY_UISupportedInterfaceOrientations_iPad = "UIInterfaceOrientationPortrait UIInterfaceOrientationPortraitUpsideDown UIInterfaceOrientationLandscapeLeft UIInterfaceOrientationLandscapeRight";
				INFOPLIST_KEY_UISupportedInterfaceOrientations_iPhone = "UIInterfaceOrientationPortrait UIInterfaceOrientationLandscapeLeft UIInterfaceOrientationLandscapeRight";
				LD_RUNPATH_SEARCH_PATHS = (
					"$(inherited)",
					"@executable_path/Frameworks",
				);
				MARKETING_VERSION = 1.0;
				PRODUCT_BUNDLE_IDENTIFIER = vision.exerciseIos;
				PRODUCT_NAME = "$(TARGET_NAME)";
				SWIFT_EMIT_LOC_STRINGS = YES;
				SWIFT_VERSION = 5.0;
				TARGETED_DEVICE_FAMILY = "1,2";
			};
			name = Debug;
		};
		4BB0055C271983B200FCB080 /* Release */ = {
			isa = XCBuildConfiguration;
			buildSettings = {
				ASSETCATALOG_COMPILER_APPICON_NAME = AppIcon;
				ASSETCATALOG_COMPILER_GLOBAL_ACCENT_COLOR_NAME = AccentColor;
				CODE_SIGN_STYLE = Automatic;
				CURRENT_PROJECT_VERSION = 1;
				GENERATE_INFOPLIST_FILE = YES;
				INFOPLIST_FILE = exerciseIos/Info.plist;
				INFOPLIST_KEY_UIApplicationSupportsIndirectInputEvents = YES;
				INFOPLIST_KEY_UILaunchStoryboardName = LaunchScreen;
				INFOPLIST_KEY_UIMainStoryboardFile = Main;
				INFOPLIST_KEY_UISupportedInterfaceOrientations_iPad = "UIInterfaceOrientationPortrait UIInterfaceOrientationPortraitUpsideDown UIInterfaceOrientationLandscapeLeft UIInterfaceOrientationLandscapeRight";
				INFOPLIST_KEY_UISupportedInterfaceOrientations_iPhone = "UIInterfaceOrientationPortrait UIInterfaceOrientationLandscapeLeft UIInterfaceOrientationLandscapeRight";
				LD_RUNPATH_SEARCH_PATHS = (
					"$(inherited)",
					"@executable_path/Frameworks",
				);
				MARKETING_VERSION = 1.0;
				PRODUCT_BUNDLE_IDENTIFIER = vision.exerciseIos;
				PRODUCT_NAME = "$(TARGET_NAME)";
				SWIFT_EMIT_LOC_STRINGS = YES;
				SWIFT_VERSION = 5.0;
				TARGETED_DEVICE_FAMILY = "1,2";
			};
			name = Release;
		};
		4BB0055E271983B200FCB080 /* Debug */ = {
			isa = XCBuildConfiguration;
			buildSettings = {
				ALWAYS_EMBED_SWIFT_STANDARD_LIBRARIES = YES;
				BUNDLE_LOADER = "$(TEST_HOST)";
				CODE_SIGN_STYLE = Automatic;
				CURRENT_PROJECT_VERSION = 1;
				GENERATE_INFOPLIST_FILE = YES;
				IPHONEOS_DEPLOYMENT_TARGET = 15.0;
				LD_RUNPATH_SEARCH_PATHS = (
					"$(inherited)",
					"@executable_path/Frameworks",
					"@loader_path/Frameworks",
				);
				MARKETING_VERSION = 1.0;
				PRODUCT_BUNDLE_IDENTIFIER = vision.exerciseIosTests;
				PRODUCT_NAME = "$(TARGET_NAME)";
				SWIFT_EMIT_LOC_STRINGS = NO;
				SWIFT_VERSION = 5.0;
				TARGETED_DEVICE_FAMILY = "1,2";
				TEST_HOST = "$(BUILT_PRODUCTS_DIR)/exerciseIos.app/exerciseIos";
			};
			name = Debug;
		};
		4BB0055F271983B200FCB080 /* Release */ = {
			isa = XCBuildConfiguration;
			buildSettings = {
				ALWAYS_EMBED_SWIFT_STANDARD_LIBRARIES = YES;
				BUNDLE_LOADER = "$(TEST_HOST)";
				CODE_SIGN_STYLE = Automatic;
				CURRENT_PROJECT_VERSION = 1;
				GENERATE_INFOPLIST_FILE = YES;
				IPHONEOS_DEPLOYMENT_TARGET = 15.0;
				LD_RUNPATH_SEARCH_PATHS = (
					"$(inherited)",
					"@executable_path/Frameworks",
					"@loader_path/Frameworks",
				);
				MARKETING_VERSION = 1.0;
				PRODUCT_BUNDLE_IDENTIFIER = vision.exerciseIosTests;
				PRODUCT_NAME = "$(TARGET_NAME)";
				SWIFT_EMIT_LOC_STRINGS = NO;
				SWIFT_VERSION = 5.0;
				TARGETED_DEVICE_FAMILY = "1,2";
				TEST_HOST = "$(BUILT_PRODUCTS_DIR)/exerciseIos.app/exerciseIos";
			};
			name = Release;
		};
		4BB00561271983B200FCB080 /* Debug */ = {
			isa = XCBuildConfiguration;
			buildSettings = {
				ALWAYS_EMBED_SWIFT_STANDARD_LIBRARIES = YES;
				CODE_SIGN_STYLE = Automatic;
				CURRENT_PROJECT_VERSION = 1;
				GENERATE_INFOPLIST_FILE = YES;
				LD_RUNPATH_SEARCH_PATHS = (
					"$(inherited)",
					"@executable_path/Frameworks",
					"@loader_path/Frameworks",
				);
				MARKETING_VERSION = 1.0;
				PRODUCT_BUNDLE_IDENTIFIER = vision.exerciseIosUITests;
				PRODUCT_NAME = "$(TARGET_NAME)";
				SWIFT_EMIT_LOC_STRINGS = NO;
				SWIFT_VERSION = 5.0;
				TARGETED_DEVICE_FAMILY = "1,2";
				TEST_TARGET_NAME = exerciseIos;
			};
			name = Debug;
		};
		4BB00562271983B200FCB080 /* Release */ = {
			isa = XCBuildConfiguration;
			buildSettings = {
				ALWAYS_EMBED_SWIFT_STANDARD_LIBRARIES = YES;
				CODE_SIGN_STYLE = Automatic;
				CURRENT_PROJECT_VERSION = 1;
				GENERATE_INFOPLIST_FILE = YES;
				LD_RUNPATH_SEARCH_PATHS = (
					"$(inherited)",
					"@executable_path/Frameworks",
					"@loader_path/Frameworks",
				);
				MARKETING_VERSION = 1.0;
				PRODUCT_BUNDLE_IDENTIFIER = vision.exerciseIosUITests;
				PRODUCT_NAME = "$(TARGET_NAME)";
				SWIFT_EMIT_LOC_STRINGS = NO;
				SWIFT_VERSION = 5.0;
				TARGETED_DEVICE_FAMILY = "1,2";
				TEST_TARGET_NAME = exerciseIos;
			};
			name = Release;
		};
/* End XCBuildConfiguration section */

/* Begin XCConfigurationList section */
		4BB0052B271983B000FCB080 /* Build configuration list for PBXProject "exerciseIos" */ = {
			isa = XCConfigurationList;
			buildConfigurations = (
				4BB00558271983B200FCB080 /* Debug */,
				4BB00559271983B200FCB080 /* Release */,
			);
			defaultConfigurationIsVisible = 0;
			defaultConfigurationName = Release;
		};
		4BB0055A271983B200FCB080 /* Build configuration list for PBXNativeTarget "exerciseIos" */ = {
			isa = XCConfigurationList;
			buildConfigurations = (
				4BB0055B271983B200FCB080 /* Debug */,
				4BB0055C271983B200FCB080 /* Release */,
			);
			defaultConfigurationIsVisible = 0;
			defaultConfigurationName = Release;
		};
		4BB0055D271983B200FCB080 /* Build configuration list for PBXNativeTarget "exerciseIosTests" */ = {
			isa = XCConfigurationList;
			buildConfigurations = (
				4BB0055E271983B200FCB080 /* Debug */,
				4BB0055F271983B200FCB080 /* Release */,
			);
			defaultConfigurationIsVisible = 0;
			defaultConfigurationName = Release;
		};
		4BB00560271983B200FCB080 /* Build configuration list for PBXNativeTarget "exerciseIosUITests" */ = {
			isa = XCConfigurationList;
			buildConfigurations = (
				4BB00561271983B200FCB080 /* Debug */,
				4BB00562271983B200FCB080 /* Release */,
			);
			defaultConfigurationIsVisible = 0;
			defaultConfigurationName = Release;
		};
/* End XCConfigurationList section */
	};
	rootObject = 4BB00528271983B000FCB080 /* Project object */;
}
